
Microsoft Visual Studio Solution File, Format Version 12.00
# Visual Studio 14
VisualStudioVersion = 14.0.25420.1
MinimumVisualStudioVersion = 10.0.40219.1
Project("{FAE04EC0-301F-11D3-BF4B-00C04F79EFBC}") = "Wempe", "Wempe\Wempe.csproj", "{AEB89482-36D0-4445-825D-9AB376A1EB8F}"
EndProject
Project("{FAE04EC0-301F-11D3-BF4B-00C04F79EFBC}") = "WEMPETestWork", "WEMPETestWork\WEMPETestWork.csproj", "{DC6B584D-EBF8-49C9-828F-EF1633E188B2}"
EndProject
Project("{FAE04EC0-301F-11D3-BF4B-00C04F79EFBC}") = "ImportTest", "ImportTest\ImportTest.csproj", "{E6AF8660-FE80-4974-8EF7-45DFA22F3AC8}"
EndProject
Global
	GlobalSection(SolutionConfigurationPlatforms) = preSolution
		Debug|Any CPU = Debug|Any CPU
		Debug|x86 = Debug|x86
		Release|Any CPU = Release|Any CPU
		Release|x86 = Release|x86
	EndGlobalSection
	GlobalSection(ProjectConfigurationPlatforms) = postSolution
		{AEB89482-36D0-4445-825D-9AB376A1EB8F}.Debug|Any CPU.ActiveCfg = Debug|Any CPU
		{AEB89482-36D0-4445-825D-9AB376A1EB8F}.Debug|Any CPU.Build.0 = Debug|Any CPU
		{AEB89482-36D0-4445-825D-9AB376A1EB8F}.Debug|x86.ActiveCfg = Debug|x86
		{AEB89482-36D0-4445-825D-9AB376A1EB8F}.Debug|x86.Build.0 = Debug|x86
		{AEB89482-36D0-4445-825D-9AB376A1EB8F}.Release|Any CPU.ActiveCfg = Release|Any CPU
		{AEB89482-36D0-4445-825D-9AB376A1EB8F}.Release|Any CPU.Build.0 = Release|Any CPU
		{AEB89482-36D0-4445-825D-9AB376A1EB8F}.Release|x86.ActiveCfg = Release|x86
		{AEB89482-36D0-4445-825D-9AB376A1EB8F}.Release|x86.Build.0 = Release|x86
		{DC6B584D-EBF8-49C9-828F-EF1633E188B2}.Debug|Any CPU.ActiveCfg = Debug|Any CPU
		{DC6B584D-EBF8-49C9-828F-EF1633E188B2}.Debug|Any CPU.Build.0 = Debug|Any CPU
		{DC6B584D-EBF8-49C9-828F-EF1633E188B2}.Debug|x86.ActiveCfg = Debug|Any CPU
		{DC6B584D-EBF8-49C9-828F-EF1633E188B2}.Debug|x86.Build.0 = Debug|Any CPU
		{DC6B584D-EBF8-49C9-828F-EF1633E188B2}.Release|Any CPU.ActiveCfg = Release|Any CPU
		{DC6B584D-EBF8-49C9-828F-EF1633E188B2}.Release|Any CPU.Build.0 = Release|Any CPU
		{DC6B584D-EBF8-49C9-828F-EF1633E188B2}.Release|x86.ActiveCfg = Release|Any CPU
		{DC6B584D-EBF8-49C9-828F-EF1633E188B2}.Release|x86.Build.0 = Release|Any CPU
		{E6AF8660-FE80-4974-8EF7-45DFA22F3AC8}.Debug|Any CPU.ActiveCfg = Debug|Any CPU
		{E6AF8660-FE80-4974-8EF7-45DFA22F3AC8}.Debug|Any CPU.Build.0 = Debug|Any CPU
		{E6AF8660-FE80-4974-8EF7-45DFA22F3AC8}.Debug|x86.ActiveCfg = Debug|Any CPU
		{E6AF8660-FE80-4974-8EF7-45DFA22F3AC8}.Debug|x86.Build.0 = Debug|Any CPU
		{E6AF8660-FE80-4974-8EF7-45DFA22F3AC8}.Release|Any CPU.ActiveCfg = Release|Any CPU
		{E6AF8660-FE80-4974-8EF7-45DFA22F3AC8}.Release|Any CPU.Build.0 = Release|Any CPU
		{E6AF8660-FE80-4974-8EF7-45DFA22F3AC8}.Release|x86.ActiveCfg = Release|Any CPU
		{E6AF8660-FE80-4974-8EF7-45DFA22F3AC8}.Release|x86.Build.0 = Release|Any CPU
	EndGlobalSection
	GlobalSection(SolutionProperties) = preSolution
		HideSolutionNode = FALSE
	EndGlobalSection
EndGlobal
